// !$*UTF8*$!
{
	archiveVersion = 1;
	classes = {
	};
	objectVersion = 46;
	objects = {

/* Begin PBXBuildFile section */
		1F86E3D11CE0E788002A776F /* AVLinkedListNode.c in Sources */ = {isa = PBXBuildFile; fileRef = 1F86E3CF1CE0E788002A776F /* AVLinkedListNode.c */; };
		1F86E3D41CE4AA6E002A776F /* AVObject.c in Sources */ = {isa = PBXBuildFile; fileRef = 1F86E3D21CE4AA6E002A776F /* AVObject.c */; };
		1FF3C7A51CDA538200B21EA3 /* main.c in Sources */ = {isa = PBXBuildFile; fileRef = 1FF3C7A11CDA538200B21EA3 /* main.c */; };
		1FF3C7A81CDA53AD00B21EA3 /* AVRunApplication.c in Sources */ = {isa = PBXBuildFile; fileRef = 1FF3C7A61CDA53AD00B21EA3 /* AVRunApplication.c */; };
		1FF3C7AB1CDA542700B21EA3 /* AVHuman.c in Sources */ = {isa = PBXBuildFile; fileRef = 1FF3C7A91CDA542700B21EA3 /* AVHuman.c */; };
/* End PBXBuildFile section */

/* Begin PBXCopyFilesBuildPhase section */
		1FF3C7931CDA531C00B21EA3 /* CopyFiles */ = {
			isa = PBXCopyFilesBuildPhase;
			buildActionMask = 2147483647;
			dstPath = /usr/share/man/man1/;
			dstSubfolderSpec = 0;
			files = (
			);
			runOnlyForDeploymentPostprocessing = 1;
		};
/* End PBXCopyFilesBuildPhase section */

/* Begin PBXFileReference section */
		1F86E3CE1CE0B39A002A776F /* StudyPlanHuman */ = {isa = PBXFileReference; explicitFileType = "compiled.mach-o.executable"; includeInIndex = 0; path = StudyPlanHuman; sourceTree = BUILT_PRODUCTS_DIR; };
		1F86E3CF1CE0E788002A776F /* AVLinkedListNode.c */ = {isa = PBXFileReference; fileEncoding = 4; lastKnownFileType = sourcecode.c.c; path = AVLinkedListNode.c; sourceTree = "<group>"; };
		1F86E3D01CE0E788002A776F /* AVLinkedListNode.h */ = {isa = PBXFileReference; fileEncoding = 4; lastKnownFileType = sourcecode.c.h; path = AVLinkedListNode.h; sourceTree = "<group>"; };
		1F86E3D21CE4AA6E002A776F /* AVObject.c */ = {isa = PBXFileReference; fileEncoding = 4; lastKnownFileType = sourcecode.c.c; path = AVObject.c; sourceTree = "<group>"; };
		1F86E3D31CE4AA6E002A776F /* AVObject.h */ = {isa = PBXFileReference; fileEncoding = 4; lastKnownFileType = sourcecode.c.h; path = AVObject.h; sourceTree = "<group>"; };
		1FF3C7A11CDA538200B21EA3 /* main.c */ = {isa = PBXFileReference; fileEncoding = 4; lastKnownFileType = sourcecode.c.c; path = main.c; sourceTree = "<group>"; };
		1FF3C7A61CDA53AD00B21EA3 /* AVRunApplication.c */ = {isa = PBXFileReference; fileEncoding = 4; lastKnownFileType = sourcecode.c.c; path = AVRunApplication.c; sourceTree = "<group>"; };
		1FF3C7A71CDA53AD00B21EA3 /* AVRunApplication.h */ = {isa = PBXFileReference; fileEncoding = 4; lastKnownFileType = sourcecode.c.h; path = AVRunApplication.h; sourceTree = "<group>"; };
		1FF3C7A91CDA542700B21EA3 /* AVHuman.c */ = {isa = PBXFileReference; fileEncoding = 4; lastKnownFileType = sourcecode.c.c; path = AVHuman.c; sourceTree = "<group>"; };
		1FF3C7AA1CDA542700B21EA3 /* AVHuman.h */ = {isa = PBXFileReference; fileEncoding = 4; lastKnownFileType = sourcecode.c.h; path = AVHuman.h; sourceTree = "<group>"; };
/* End PBXFileReference section */

/* Begin PBXFrameworksBuildPhase section */
		1FF3C7921CDA531C00B21EA3 /* Frameworks */ = {
			isa = PBXFrameworksBuildPhase;
			buildActionMask = 2147483647;
			files = (
			);
			runOnlyForDeploymentPostprocessing = 0;
		};
/* End PBXFrameworksBuildPhase section */

/* Begin PBXGroup section */
		1FF3C78C1CDA531C00B21EA3 = {
			isa = PBXGroup;
			children = (
				1FF3C79F1CDA538200B21EA3 /* Sources */,
				1FF3C7A01CDA538200B21EA3 /* StudyPlanHuman */,
				1F86E3CE1CE0B39A002A776F /* StudyPlanHuman */,
			);
			sourceTree = "<group>";
		};
		1FF3C79F1CDA538200B21EA3 /* Sources */ = {
			isa = PBXGroup;
			children = (
				1FF3C7A61CDA53AD00B21EA3 /* AVRunApplication.c */,
				1FF3C7A71CDA53AD00B21EA3 /* AVRunApplication.h */,
				1FF3C7A91CDA542700B21EA3 /* AVHuman.c */,
				1FF3C7AA1CDA542700B21EA3 /* AVHuman.h */,
				1F86E3CF1CE0E788002A776F /* AVLinkedListNode.c */,
				1F86E3D01CE0E788002A776F /* AVLinkedListNode.h */,
				1F86E3D21CE4AA6E002A776F /* AVObject.c */,
				1F86E3D31CE4AA6E002A776F /* AVObject.h */,
			);
			path = Sources;
			sourceTree = "<group>";
		};
		1FF3C7A01CDA538200B21EA3 /* StudyPlanHuman */ = {
			isa = PBXGroup;
			children = (
				1FF3C7A11CDA538200B21EA3 /* main.c */,
			);
			path = StudyPlanHuman;
			sourceTree = "<group>";
		};
/* End PBXGroup section */

/* Begin PBXNativeTarget section */
		1FF3C7941CDA531C00B21EA3 /* StudyPlanHuman */ = {
			isa = PBXNativeTarget;
			buildConfigurationList = 1FF3C79C1CDA531C00B21EA3 /* Build configuration list for PBXNativeTarget "StudyPlanHuman" */;
			buildPhases = (
				1FF3C7911CDA531C00B21EA3 /* Sources */,
				1FF3C7921CDA531C00B21EA3 /* Frameworks */,
				1FF3C7931CDA531C00B21EA3 /* CopyFiles */,
			);
			buildRules = (
			);
			dependencies = (
			);
			name = StudyPlanHuman;
			productName = StudyPlanHuman;
			productReference = 1F86E3CE1CE0B39A002A776F /* StudyPlanHuman */;
			productType = "com.apple.product-type.tool";
		};
/* End PBXNativeTarget section */

/* Begin PBXProject section */
		1FF3C78D1CDA531C00B21EA3 /* Project object */ = {
			isa = PBXProject;
			attributes = {
				LastUpgradeCheck = 0730;
				ORGANIZATIONNAME = "Aleksandr Voropaev";
				TargetAttributes = {
					1FF3C7941CDA531C00B21EA3 = {
						CreatedOnToolsVersion = 7.3;
					};
				};
			};
			buildConfigurationList = 1FF3C7901CDA531C00B21EA3 /* Build configuration list for PBXProject "StudyPlanHuman" */;
			compatibilityVersion = "Xcode 3.2";
			developmentRegion = English;
			hasScannedForEncodings = 0;
			knownRegions = (
				en,
			);
			mainGroup = 1FF3C78C1CDA531C00B21EA3;
			productRefGroup = 1FF3C78C1CDA531C00B21EA3;
			projectDirPath = "";
			projectRoot = "";
			targets = (
				1FF3C7941CDA531C00B21EA3 /* StudyPlanHuman */,
			);
		};
/* End PBXProject section */

/* Begin PBXSourcesBuildPhase section */
		1FF3C7911CDA531C00B21EA3 /* Sources */ = {
			isa = PBXSourcesBuildPhase;
			buildActionMask = 2147483647;
			files = (
				1FF3C7AB1CDA542700B21EA3 /* AVHuman.c in Sources */,
				1FF3C7A51CDA538200B21EA3 /* main.c in Sources */,
				1FF3C7A81CDA53AD00B21EA3 /* AVRunApplication.c in Sources */,
				1F86E3D11CE0E788002A776F /* AVLinkedListNode.c in Sources */,
				1F86E3D41CE4AA6E002A776F /* AVObject.c in Sources */,
			);
			runOnlyForDeploymentPostprocessing = 0;
		};
/* End PBXSourcesBuildPhase section */

/* Begin XCBuildConfiguration section */
		1FF3C79A1CDA531C00B21EA3 /* Debug */ = {
			isa = XCBuildConfiguration;
			buildSettings = {
				ALWAYS_SEARCH_USER_PATHS = NO;
				CLANG_ANALYZER_NONNULL = YES;
				CLANG_CXX_LANGUAGE_STANDARD = "gnu++0x";
				CLANG_CXX_LIBRARY = "libc++";
				CLANG_ENABLE_MODULES = YES;
				CLANG_ENABLE_OBJC_ARC = YES;
				CLANG_WARN_BOOL_CONVERSION = YES;
				CLANG_WARN_CONSTANT_CONVERSION = YES;
				CLANG_WARN_DIRECT_OBJC_ISA_USAGE = YES_ERROR;
				CLANG_WARN_EMPTY_BODY = YES;
				CLANG_WARN_ENUM_CONVERSION = YES;
				CLANG_WARN_INT_CONVERSION = YES;
				CLANG_WARN_OBJC_ROOT_CLASS = YES_ERROR;
				CLANG_WARN_UNREACHABLE_CODE = YES;
				CLANG_WARN__DUPLICATE_METHOD_MATCH = YES;
				CODE_SIGN_IDENTITY = "-";
				COPY_PHASE_STRIP = NO;
				DEBUG_INFORMATION_FORMAT = dwarf;
				ENABLE_STRICT_OBJC_MSGSEND = YES;
				ENABLE_TESTABILITY = YES;
				GCC_C_LANGUAGE_STANDARD = gnu99;
				GCC_DYNAMIC_NO_PIC = NO;
				GCC_NO_COMMON_BLOCKS = YES;
				GCC_OPTIMIZATION_LEVEL = 0;
				GCC_PREPROCESSOR_DEFINITIONS = (
					"DEBUG=1",
					"$(inherited)",
				);
				GCC_WARN_64_TO_32_BIT_CONVERSION = YES;
				GCC_WARN_ABOUT_RETURN_TYPE = YES_ERROR;
				GCC_WARN_UNDECLARED_SELECTOR = YES;
				GCC_WARN_UNINITIALIZED_AUTOS = YES_AGGRESSIVE;
				GCC_WARN_UNUSED_FUNCTION = YES;
				GCC_WARN_UNUSED_VARIABLE = YES;
				MACOSX_DEPLOYMENT_TARGET = 10.11;
				MTL_ENABLE_DEBUG_INFO = YES;
				ONLY_ACTIVE_ARCH = YES;
				SDKROOT = macosx;
			};
			name = Debug;
		};
		1FF3C79B1CDA531C00B21EA3 /* Release */ = {
			isa = XCBuildConfiguration;
			buildSettings = {
				ALWAYS_SEARCH_USER_PATHS = NO;
				CLANG_ANALYZER_NONNULL = YES;
				CLANG_CXX_LANGUAGE_STANDARD = "gnu++0x";
				CLANG_CXX_LIBRARY = "libc++";
				CLANG_ENABLE_MODULES = YES;
				CLANG_ENABLE_OBJC_ARC = YES;
				CLANG_WARN_BOOL_CONVERSION = YES;
				CLANG_WARN_CONSTANT_CONVERSION = YES;
				CLANG_WARN_DIRECT_OBJC_ISA_USAGE = YES_ERROR;
				CLANG_WARN_EMPTY_BODY = YES;
				CLANG_WARN_ENUM_CONVERSION = YES;
				CLANG_WARN_INT_CONVERSION = YES;
				CLANG_WARN_OBJC_ROOT_CLASS = YES_ERROR;
				CLANG_WARN_UNREACHABLE_CODE = YES;
				CLANG_WARN__DUPLICATE_METHOD_MATCH = YES;
				CODE_SIGN_IDENTITY = "-";
				COPY_PHASE_STRIP = NO;
				DEBUG_INFORMATION_FORMAT = "dwarf-with-dsym";
				ENABLE_NS_ASSERTIONS = NO;
				ENABLE_STRICT_OBJC_MSGSEND = YES;
				GCC_C_LANGUAGE_STANDARD = gnu99;
				GCC_NO_COMMON_BLOCKS = YES;
				GCC_WARN_64_TO_32_BIT_CONVERSION = YES;
				GCC_WARN_ABOUT_RETURN_TYPE = YES_ERROR;
				GCC_WARN_UNDECLARED_SELECTOR = YES;
				GCC_WARN_UNINITIALIZED_AUTOS = YES_AGGRESSIVE;
				GCC_WARN_UNUSED_FUNCTION = YES;
				GCC_WARN_UNUSED_VARIABLE = YES;
				MACOSX_DEPLOYMENT_TARGET = 10.11;
				MTL_ENABLE_DEBUG_INFO = NO;
				SDKROOT = macosx;
			};
			name = Release;
		};
		1FF3C79D1CDA531C00B21EA3 /* Debug */ = {
			isa = XCBuildConfiguration;
			buildSettings = {
				PRODUCT_NAME = "$(TARGET_NAME)";
			};
			name = Debug;
		};
		1FF3C79E1CDA531C00B21EA3 /* Release */ = {
			isa = XCBuildConfiguration;
			buildSettings = {
				PRODUCT_NAME = "$(TARGET_NAME)";
			};
			name = Release;
		};
/* End XCBuildConfiguration section */

/* Begin XCConfigurationList section */
		1FF3C7901CDA531C00B21EA3 /* Build configuration list for PBXProject "StudyPlanHuman" */ = {
			isa = XCConfigurationList;
			buildConfigurations = (
				1FF3C79A1CDA531C00B21EA3 /* Debug */,
				1FF3C79B1CDA531C00B21EA3 /* Release */,
			);
			defaultConfigurationIsVisible = 0;
			defaultConfigurationName = Release;
		};
		1FF3C79C1CDA531C00B21EA3 /* Build configuration list for PBXNativeTarget "StudyPlanHuman" */ = {
			isa = XCConfigurationList;
			buildConfigurations = (
				1FF3C79D1CDA531C00B21EA3 /* Debug */,
				1FF3C79E1CDA531C00B21EA3 /* Release */,
			);
			defaultConfigurationIsVisible = 0;
			defaultConfigurationName = Release;
		};
/* End XCConfigurationList section */
	};
	rootObject = 1FF3C78D1CDA531C00B21EA3 /* Project object */;
}
